
Microsoft Visual Studio Solution File, Format Version 12.00
# Visual Studio Version 17
VisualStudioVersion = 17.14.36414.22 d17.14
MinimumVisualStudioVersion = 10.0.40219.1
Project("{FAE04EC0-301F-11D3-BF4B-00C04F79EFBC}") = "Nal12_palindrom", "Nal12_palindrom\Nal12_palindrom.csproj", "{A1BA5123-9368-46B1-A139-BFC70909D7EA}"
EndProject
Global
	GlobalSection(SolutionConfigurationPlatforms) = preSolution
		Debug|Any CPU = Debug|Any CPU
		Release|Any CPU = Release|Any CPU
	EndGlobalSection
	GlobalSection(ProjectConfigurationPlatforms) = postSolution
		{A1BA5123-9368-46B1-A139-BFC70909D7EA}.Debug|Any CPU.ActiveCfg = Debug|Any CPU
		{A1BA5123-9368-46B1-A139-BFC70909D7EA}.Debug|Any CPU.Build.0 = Debug|Any CPU
		{A1BA5123-9368-46B1-A139-BFC70909D7EA}.Release|Any CPU.ActiveCfg = Release|Any CPU
		{A1BA5123-9368-46B1-A139-BFC70909D7EA}.Release|Any CPU.Build.0 = Release|Any CPU
	EndGlobalSection
	GlobalSection(SolutionProperties) = preSolution
		HideSolutionNode = FALSE
	EndGlobalSection
	GlobalSection(ExtensibilityGlobals) = postSolution
		SolutionGuid = {6024B481-E174-4036-9332-884688A96658}
	EndGlobalSection
EndGlobal
